
Microsoft Visual Studio Solution File, Format Version 12.00
# Visual Studio Version 17
VisualStudioVersion = 17.4.33205.214
MinimumVisualStudioVersion = 10.0.40219.1
Project("{888888A0-9F3D-457C-B088-3A5042F75D52}") = "kamnoz1", "kamnoz1\kamnoz1.pyproj", "{C0076950-A087-49A3-BB2B-A7DEAB26213C}"
EndProject
Global
	GlobalSection(SolutionConfigurationPlatforms) = preSolution
		Debug|Any CPU = Debug|Any CPU
		Release|Any CPU = Release|Any CPU
	EndGlobalSection
	GlobalSection(ProjectConfigurationPlatforms) = postSolution
		{C0076950-A087-49A3-BB2B-A7DEAB26213C}.Debug|Any CPU.ActiveCfg = Debug|Any CPU
		{C0076950-A087-49A3-BB2B-A7DEAB26213C}.Release|Any CPU.ActiveCfg = Release|Any CPU
	EndGlobalSection
	GlobalSection(SolutionProperties) = preSolution
		HideSolutionNode = FALSE
	EndGlobalSection
	GlobalSection(ExtensibilityGlobals) = postSolution
		SolutionGuid = {5798AA35-E1D2-4672-B893-9140FBFF4CF5}
	EndGlobalSection
EndGlobal
